// !$*UTF8*$!
{
	archiveVersion = 1;
	classes = {
	};
	objectVersion = 55;
	objects = {

/* Begin PBXBuildFile section */
		9B155D9228BF8AA400E89AD6 /* DemoBackwardsClockApp.swift in Sources */ = {isa = PBXBuildFile; fileRef = 9B155D9128BF8AA400E89AD6 /* DemoBackwardsClockApp.swift */; };
		9B155D9428BF8AA400E89AD6 /* ContentView.swift in Sources */ = {isa = PBXBuildFile; fileRef = 9B155D9328BF8AA400E89AD6 /* ContentView.swift */; };
		9B155D9628BF8AA700E89AD6 /* Assets.xcassets in Resources */ = {isa = PBXBuildFile; fileRef = 9B155D9528BF8AA700E89AD6 /* Assets.xcassets */; };
		9B155D9928BF8AA700E89AD6 /* Preview Assets.xcassets in Resources */ = {isa = PBXBuildFile; fileRef = 9B155D9828BF8AA700E89AD6 /* Preview Assets.xcassets */; };
		9B155DA028BF8B5200E89AD6 /* ClockContainerView.swift in Sources */ = {isa = PBXBuildFile; fileRef = 9B155D9F28BF8B5200E89AD6 /* ClockContainerView.swift */; };
		9B155DA228BF945D00E89AD6 /* HandShape.swift in Sources */ = {isa = PBXBuildFile; fileRef = 9B155DA128BF945D00E89AD6 /* HandShape.swift */; };
		9BBF90F728C207F500EB61DC /* ClockDialView.swift in Sources */ = {isa = PBXBuildFile; fileRef = 9BBF90F628C207F500EB61DC /* ClockDialView.swift */; };
		9BBF90F928C20CE500EB61DC /* BackwardsClockNumberView.swift in Sources */ = {isa = PBXBuildFile; fileRef = 9BBF90F828C20CE500EB61DC /* BackwardsClockNumberView.swift */; };
		9BBF90FB28C32DD700EB61DC /* Tick.swift in Sources */ = {isa = PBXBuildFile; fileRef = 9BBF90FA28C32DD700EB61DC /* Tick.swift */; };
		9BBF90FE28C4F5DC00EB61DC /* AngleUtility.swift in Sources */ = {isa = PBXBuildFile; fileRef = 9BBF90FD28C4F5DC00EB61DC /* AngleUtility.swift */; };
		9BBF910228C4F63E00EB61DC /* DateUtility.swift in Sources */ = {isa = PBXBuildFile; fileRef = 9BBF910128C4F63E00EB61DC /* DateUtility.swift */; };
		9BBF911028C5F7BA00EB61DC /* DemoBackwardsClockTests.swift in Sources */ = {isa = PBXBuildFile; fileRef = 9BBF910F28C5F7BA00EB61DC /* DemoBackwardsClockTests.swift */; };
		9BBF911628C5F80B00EB61DC /* DateUtility.swift in Sources */ = {isa = PBXBuildFile; fileRef = 9BBF910128C4F63E00EB61DC /* DateUtility.swift */; };
		9BBF911728C5F80E00EB61DC /* AngleUtility.swift in Sources */ = {isa = PBXBuildFile; fileRef = 9BBF90FD28C4F5DC00EB61DC /* AngleUtility.swift */; };
		9BBF911928C5F81B00EB61DC /* DateUtilityTests.swift in Sources */ = {isa = PBXBuildFile; fileRef = 9BBF911828C5F81B00EB61DC /* DateUtilityTests.swift */; };
		9BBF911B28C5F87200EB61DC /* AngleUtilityTests.swift in Sources */ = {isa = PBXBuildFile; fileRef = 9BBF911A28C5F87100EB61DC /* AngleUtilityTests.swift */; };
		9BBF911E28C6569300EB61DC /* Clockwork.swift in Sources */ = {isa = PBXBuildFile; fileRef = 9BBF911D28C6569300EB61DC /* Clockwork.swift */; };
		9BBF912228C713B000EB61DC /* BCWebView.swift in Sources */ = {isa = PBXBuildFile; fileRef = 9BBF912128C713B000EB61DC /* BCWebView.swift */; };
/* End PBXBuildFile section */

/* Begin PBXContainerItemProxy section */
		9BBF911128C5F7BA00EB61DC /* PBXContainerItemProxy */ = {
			isa = PBXContainerItemProxy;
			containerPortal = 9B155D8628BF8AA400E89AD6 /* Project object */;
			proxyType = 1;
			remoteGlobalIDString = 9B155D8D28BF8AA400E89AD6;
			remoteInfo = DemoBackwardsClock;
		};
/* End PBXContainerItemProxy section */

/* Begin PBXFileReference section */
		9B155D8E28BF8AA400E89AD6 /* DemoBackwardsClock.app */ = {isa = PBXFileReference; explicitFileType = wrapper.application; includeInIndex = 0; path = DemoBackwardsClock.app; sourceTree = BUILT_PRODUCTS_DIR; };
		9B155D9128BF8AA400E89AD6 /* DemoBackwardsClockApp.swift */ = {isa = PBXFileReference; lastKnownFileType = sourcecode.swift; path = DemoBackwardsClockApp.swift; sourceTree = "<group>"; };
		9B155D9328BF8AA400E89AD6 /* ContentView.swift */ = {isa = PBXFileReference; lastKnownFileType = sourcecode.swift; path = ContentView.swift; sourceTree = "<group>"; };
		9B155D9528BF8AA700E89AD6 /* Assets.xcassets */ = {isa = PBXFileReference; lastKnownFileType = folder.assetcatalog; path = Assets.xcassets; sourceTree = "<group>"; };
		9B155D9828BF8AA700E89AD6 /* Preview Assets.xcassets */ = {isa = PBXFileReference; lastKnownFileType = folder.assetcatalog; path = "Preview Assets.xcassets"; sourceTree = "<group>"; };
		9B155D9F28BF8B5200E89AD6 /* ClockContainerView.swift */ = {isa = PBXFileReference; lastKnownFileType = sourcecode.swift; path = ClockContainerView.swift; sourceTree = "<group>"; };
		9B155DA128BF945D00E89AD6 /* HandShape.swift */ = {isa = PBXFileReference; lastKnownFileType = sourcecode.swift; path = HandShape.swift; sourceTree = "<group>"; };
		9BBF90F628C207F500EB61DC /* ClockDialView.swift */ = {isa = PBXFileReference; lastKnownFileType = sourcecode.swift; path = ClockDialView.swift; sourceTree = "<group>"; };
		9BBF90F828C20CE500EB61DC /* BackwardsClockNumberView.swift */ = {isa = PBXFileReference; lastKnownFileType = sourcecode.swift; path = BackwardsClockNumberView.swift; sourceTree = "<group>"; };
		9BBF90FA28C32DD700EB61DC /* Tick.swift */ = {isa = PBXFileReference; lastKnownFileType = sourcecode.swift; path = Tick.swift; sourceTree = "<group>"; };
		9BBF90FD28C4F5DC00EB61DC /* AngleUtility.swift */ = {isa = PBXFileReference; lastKnownFileType = sourcecode.swift; path = AngleUtility.swift; sourceTree = "<group>"; };
		9BBF910128C4F63E00EB61DC /* DateUtility.swift */ = {isa = PBXFileReference; lastKnownFileType = sourcecode.swift; path = DateUtility.swift; sourceTree = "<group>"; };
		9BBF910D28C5F7BA00EB61DC /* DemoBackwardsClockTests.xctest */ = {isa = PBXFileReference; explicitFileType = wrapper.cfbundle; includeInIndex = 0; path = DemoBackwardsClockTests.xctest; sourceTree = BUILT_PRODUCTS_DIR; };
		9BBF910F28C5F7BA00EB61DC /* DemoBackwardsClockTests.swift */ = {isa = PBXFileReference; lastKnownFileType = sourcecode.swift; path = DemoBackwardsClockTests.swift; sourceTree = "<group>"; };
		9BBF911828C5F81B00EB61DC /* DateUtilityTests.swift */ = {isa = PBXFileReference; lastKnownFileType = sourcecode.swift; path = DateUtilityTests.swift; sourceTree = "<group>"; };
		9BBF911A28C5F87100EB61DC /* AngleUtilityTests.swift */ = {isa = PBXFileReference; lastKnownFileType = sourcecode.swift; path = AngleUtilityTests.swift; sourceTree = "<group>"; };
		9BBF911D28C6569300EB61DC /* Clockwork.swift */ = {isa = PBXFileReference; lastKnownFileType = sourcecode.swift; path = Clockwork.swift; sourceTree = "<group>"; };
		9BBF912128C713B000EB61DC /* BCWebView.swift */ = {isa = PBXFileReference; lastKnownFileType = sourcecode.swift; path = BCWebView.swift; sourceTree = "<group>"; };
/* End PBXFileReference section */

/* Begin PBXFrameworksBuildPhase section */
		9B155D8B28BF8AA400E89AD6 /* Frameworks */ = {
			isa = PBXFrameworksBuildPhase;
			buildActionMask = 2147483647;
			files = (
			);
			runOnlyForDeploymentPostprocessing = 0;
		};
		9BBF910A28C5F7BA00EB61DC /* Frameworks */ = {
			isa = PBXFrameworksBuildPhase;
			buildActionMask = 2147483647;
			files = (
			);
			runOnlyForDeploymentPostprocessing = 0;
		};
/* End PBXFrameworksBuildPhase section */

/* Begin PBXGroup section */
		9B155D8528BF8AA400E89AD6 = {
			isa = PBXGroup;
			children = (
				9B155D9028BF8AA400E89AD6 /* DemoBackwardsClock */,
				9BBF910E28C5F7BA00EB61DC /* DemoBackwardsClockTests */,
				9B155D8F28BF8AA400E89AD6 /* Products */,
			);
			indentWidth = 2;
			sourceTree = "<group>";
			tabWidth = 2;
		};
		9B155D8F28BF8AA400E89AD6 /* Products */ = {
			isa = PBXGroup;
			children = (
				9B155D8E28BF8AA400E89AD6 /* DemoBackwardsClock.app */,
				9BBF910D28C5F7BA00EB61DC /* DemoBackwardsClockTests.xctest */,
			);
			name = Products;
			sourceTree = "<group>";
		};
		9B155D9028BF8AA400E89AD6 /* DemoBackwardsClock */ = {
			isa = PBXGroup;
			children = (
				9B155D9128BF8AA400E89AD6 /* DemoBackwardsClockApp.swift */,
				9BBF911C28C6566200EB61DC /* Models */,
				9BBF910028C4F5EF00EB61DC /* Views */,
				9BBF90FC28C4F5C900EB61DC /* Utilities */,
				9B155D9528BF8AA700E89AD6 /* Assets.xcassets */,
				9B155D9728BF8AA700E89AD6 /* Preview Content */,
			);
			path = DemoBackwardsClock;
			sourceTree = "<group>";
		};
		9B155D9728BF8AA700E89AD6 /* Preview Content */ = {
			isa = PBXGroup;
			children = (
				9B155D9828BF8AA700E89AD6 /* Preview Assets.xcassets */,
			);
			path = "Preview Content";
			sourceTree = "<group>";
		};
		9BBF90FC28C4F5C900EB61DC /* Utilities */ = {
			isa = PBXGroup;
			children = (
				9BBF90FD28C4F5DC00EB61DC /* AngleUtility.swift */,
				9BBF910128C4F63E00EB61DC /* DateUtility.swift */,
			);
			path = Utilities;
			sourceTree = "<group>";
		};
		9BBF910028C4F5EF00EB61DC /* Views */ = {
			isa = PBXGroup;
			children = (
				9B155D9328BF8AA400E89AD6 /* ContentView.swift */,
				9B155D9F28BF8B5200E89AD6 /* ClockContainerView.swift */,
				9B155DA128BF945D00E89AD6 /* HandShape.swift */,
				9BBF90F628C207F500EB61DC /* ClockDialView.swift */,
				9BBF90FA28C32DD700EB61DC /* Tick.swift */,
				9BBF90F828C20CE500EB61DC /* BackwardsClockNumberView.swift */,
				9BBF912128C713B000EB61DC /* BCWebView.swift */,
			);
			path = Views;
			sourceTree = "<group>";
		};
		9BBF910E28C5F7BA00EB61DC /* DemoBackwardsClockTests */ = {
			isa = PBXGroup;
			children = (
				9BBF911A28C5F87100EB61DC /* AngleUtilityTests.swift */,
				9BBF911828C5F81B00EB61DC /* DateUtilityTests.swift */,
				9BBF910F28C5F7BA00EB61DC /* DemoBackwardsClockTests.swift */,
			);
			path = DemoBackwardsClockTests;
			sourceTree = "<group>";
		};
		9BBF911C28C6566200EB61DC /* Models */ = {
			isa = PBXGroup;
			children = (
				9BBF911D28C6569300EB61DC /* Clockwork.swift */,
			);
			path = Models;
			sourceTree = "<group>";
		};
/* End PBXGroup section */

/* Begin PBXNativeTarget section */
		9B155D8D28BF8AA400E89AD6 /* DemoBackwardsClock */ = {
			isa = PBXNativeTarget;
			buildConfigurationList = 9B155D9C28BF8AA700E89AD6 /* Build configuration list for PBXNativeTarget "DemoBackwardsClock" */;
			buildPhases = (
				9B155D8A28BF8AA400E89AD6 /* Sources */,
				9B155D8B28BF8AA400E89AD6 /* Frameworks */,
				9B155D8C28BF8AA400E89AD6 /* Resources */,
			);
			buildRules = (
			);
			dependencies = (
			);
			name = DemoBackwardsClock;
			productName = DemoBackwardsClock;
			productReference = 9B155D8E28BF8AA400E89AD6 /* DemoBackwardsClock.app */;
			productType = "com.apple.product-type.application";
		};
		9BBF910C28C5F7BA00EB61DC /* DemoBackwardsClockTests */ = {
			isa = PBXNativeTarget;
			buildConfigurationList = 9BBF911528C5F7BA00EB61DC /* Build configuration list for PBXNativeTarget "DemoBackwardsClockTests" */;
			buildPhases = (
				9BBF910928C5F7BA00EB61DC /* Sources */,
				9BBF910A28C5F7BA00EB61DC /* Frameworks */,
				9BBF910B28C5F7BA00EB61DC /* Resources */,
			);
			buildRules = (
			);
			dependencies = (
				9BBF911228C5F7BA00EB61DC /* PBXTargetDependency */,
			);
			name = DemoBackwardsClockTests;
			productName = DemoBackwardsClockTests;
			productReference = 9BBF910D28C5F7BA00EB61DC /* DemoBackwardsClockTests.xctest */;
			productType = "com.apple.product-type.bundle.unit-test";
		};
/* End PBXNativeTarget section */

/* Begin PBXProject section */
		9B155D8628BF8AA400E89AD6 /* Project object */ = {
			isa = PBXProject;
			attributes = {
				BuildIndependentTargetsInParallel = 1;
				LastSwiftUpdateCheck = 1320;
				LastUpgradeCheck = 1320;
				TargetAttributes = {
					9B155D8D28BF8AA400E89AD6 = {
						CreatedOnToolsVersion = 13.2.1;
					};
					9BBF910C28C5F7BA00EB61DC = {
						CreatedOnToolsVersion = 13.2.1;
						TestTargetID = 9B155D8D28BF8AA400E89AD6;
					};
				};
			};
			buildConfigurationList = 9B155D8928BF8AA400E89AD6 /* Build configuration list for PBXProject "DemoBackwardsClock" */;
			compatibilityVersion = "Xcode 13.0";
			developmentRegion = en;
			hasScannedForEncodings = 0;
			knownRegions = (
				en,
				Base,
			);
			mainGroup = 9B155D8528BF8AA400E89AD6;
			productRefGroup = 9B155D8F28BF8AA400E89AD6 /* Products */;
			projectDirPath = "";
			projectRoot = "";
			targets = (
				9B155D8D28BF8AA400E89AD6 /* DemoBackwardsClock */,
				9BBF910C28C5F7BA00EB61DC /* DemoBackwardsClockTests */,
			);
		};
/* End PBXProject section */

/* Begin PBXResourcesBuildPhase section */
		9B155D8C28BF8AA400E89AD6 /* Resources */ = {
			isa = PBXResourcesBuildPhase;
			buildActionMask = 2147483647;
			files = (
				9B155D9928BF8AA700E89AD6 /* Preview Assets.xcassets in Resources */,
				9B155D9628BF8AA700E89AD6 /* Assets.xcassets in Resources */,
			);
			runOnlyForDeploymentPostprocessing = 0;
		};
		9BBF910B28C5F7BA00EB61DC /* Resources */ = {
			isa = PBXResourcesBuildPhase;
			buildActionMask = 2147483647;
			files = (
			);
			runOnlyForDeploymentPostprocessing = 0;
		};
/* End PBXResourcesBuildPhase section */

/* Begin PBXSourcesBuildPhase section */
		9B155D8A28BF8AA400E89AD6 /* Sources */ = {
			isa = PBXSourcesBuildPhase;
			buildActionMask = 2147483647;
			files = (
				9BBF90FE28C4F5DC00EB61DC /* AngleUtility.swift in Sources */,
				9BBF911E28C6569300EB61DC /* Clockwork.swift in Sources */,
				9BBF90F728C207F500EB61DC /* ClockDialView.swift in Sources */,
				9BBF90FB28C32DD700EB61DC /* Tick.swift in Sources */,
				9B155DA028BF8B5200E89AD6 /* ClockContainerView.swift in Sources */,
				9B155D9428BF8AA400E89AD6 /* ContentView.swift in Sources */,
				9BBF90F928C20CE500EB61DC /* BackwardsClockNumberView.swift in Sources */,
				9B155DA228BF945D00E89AD6 /* HandShape.swift in Sources */,
				9BBF910228C4F63E00EB61DC /* DateUtility.swift in Sources */,
				9BBF912228C713B000EB61DC /* BCWebView.swift in Sources */,
				9B155D9228BF8AA400E89AD6 /* DemoBackwardsClockApp.swift in Sources */,
			);
			runOnlyForDeploymentPostprocessing = 0;
		};
		9BBF910928C5F7BA00EB61DC /* Sources */ = {
			isa = PBXSourcesBuildPhase;
			buildActionMask = 2147483647;
			files = (
				9BBF911728C5F80E00EB61DC /* AngleUtility.swift in Sources */,
				9BBF911628C5F80B00EB61DC /* DateUtility.swift in Sources */,
				9BBF911B28C5F87200EB61DC /* AngleUtilityTests.swift in Sources */,
				9BBF911928C5F81B00EB61DC /* DateUtilityTests.swift in Sources */,
				9BBF911028C5F7BA00EB61DC /* DemoBackwardsClockTests.swift in Sources */,
			);
			runOnlyForDeploymentPostprocessing = 0;
		};
/* End PBXSourcesBuildPhase section */

/* Begin PBXTargetDependency section */
		9BBF911228C5F7BA00EB61DC /* PBXTargetDependency */ = {
			isa = PBXTargetDependency;
			target = 9B155D8D28BF8AA400E89AD6 /* DemoBackwardsClock */;
			targetProxy = 9BBF911128C5F7BA00EB61DC /* PBXContainerItemProxy */;
		};
/* End PBXTargetDependency section */

/* Begin XCBuildConfiguration section */
		9B155D9A28BF8AA700E89AD6 /* Debug */ = {
			isa = XCBuildConfiguration;
			buildSettings = {
				ALWAYS_SEARCH_USER_PATHS = NO;
				CLANG_ANALYZER_NONNULL = YES;
				CLANG_ANALYZER_NUMBER_OBJECT_CONVERSION = YES_AGGRESSIVE;
				CLANG_CXX_LANGUAGE_STANDARD = "gnu++17";
				CLANG_CXX_LIBRARY = "libc++";
				CLANG_ENABLE_MODULES = YES;
				CLANG_ENABLE_OBJC_ARC = YES;
				CLANG_ENABLE_OBJC_WEAK = YES;
				CLANG_WARN_BLOCK_CAPTURE_AUTORELEASING = YES;
				CLANG_WARN_BOOL_CONVERSION = YES;
				CLANG_WARN_COMMA = YES;
				CLANG_WARN_CONSTANT_CONVERSION = YES;
				CLANG_WARN_DEPRECATED_OBJC_IMPLEMENTATIONS = YES;
				CLANG_WARN_DIRECT_OBJC_ISA_USAGE = YES_ERROR;
				CLANG_WARN_DOCUMENTATION_COMMENTS = YES;
				CLANG_WARN_EMPTY_BODY = YES;
				CLANG_WARN_ENUM_CONVERSION = YES;
				CLANG_WARN_INFINITE_RECURSION = YES;
				CLANG_WARN_INT_CONVERSION = YES;
				CLANG_WARN_NON_LITERAL_NULL_CONVERSION = YES;
				CLANG_WARN_OBJC_IMPLICIT_RETAIN_SELF = YES;
				CLANG_WARN_OBJC_LITERAL_CONVERSION = YES;
				CLANG_WARN_OBJC_ROOT_CLASS = YES_ERROR;
				CLANG_WARN_QUOTED_INCLUDE_IN_FRAMEWORK_HEADER = YES;
				CLANG_WARN_RANGE_LOOP_ANALYSIS = YES;
				CLANG_WARN_STRICT_PROTOTYPES = YES;
				CLANG_WARN_SUSPICIOUS_MOVE = YES;
				CLANG_WARN_UNGUARDED_AVAILABILITY = YES_AGGRESSIVE;
				CLANG_WARN_UNREACHABLE_CODE = YES;
				CLANG_WARN__DUPLICATE_METHOD_MATCH = YES;
				COPY_PHASE_STRIP = NO;
				DEBUG_INFORMATION_FORMAT = dwarf;
				ENABLE_STRICT_OBJC_MSGSEND = YES;
				ENABLE_TESTABILITY = YES;
				GCC_C_LANGUAGE_STANDARD = gnu11;
				GCC_DYNAMIC_NO_PIC = NO;
				GCC_NO_COMMON_BLOCKS = YES;
				GCC_OPTIMIZATION_LEVEL = 0;
				GCC_PREPROCESSOR_DEFINITIONS = (
					"DEBUG=1",
					"$(inherited)",
				);
				GCC_WARN_64_TO_32_BIT_CONVERSION = YES;
				GCC_WARN_ABOUT_RETURN_TYPE = YES_ERROR;
				GCC_WARN_UNDECLARED_SELECTOR = YES;
				GCC_WARN_UNINITIALIZED_AUTOS = YES_AGGRESSIVE;
				GCC_WARN_UNUSED_FUNCTION = YES;
				GCC_WARN_UNUSED_VARIABLE = YES;
				IPHONEOS_DEPLOYMENT_TARGET = 15.2;
				MTL_ENABLE_DEBUG_INFO = INCLUDE_SOURCE;
				MTL_FAST_MATH = YES;
				ONLY_ACTIVE_ARCH = YES;
				SDKROOT = iphoneos;
				SWIFT_ACTIVE_COMPILATION_CONDITIONS = DEBUG;
				SWIFT_OPTIMIZATION_LEVEL = "-Onone";
			};
			name = Debug;
		};
		9B155D9B28BF8AA700E89AD6 /* Release */ = {
			isa = XCBuildConfiguration;
			buildSettings = {
				ALWAYS_SEARCH_USER_PATHS = NO;
				CLANG_ANALYZER_NONNULL = YES;
				CLANG_ANALYZER_NUMBER_OBJECT_CONVERSION = YES_AGGRESSIVE;
				CLANG_CXX_LANGUAGE_STANDARD = "gnu++17";
				CLANG_CXX_LIBRARY = "libc++";
				CLANG_ENABLE_MODULES = YES;
				CLANG_ENABLE_OBJC_ARC = YES;
				CLANG_ENABLE_OBJC_WEAK = YES;
				CLANG_WARN_BLOCK_CAPTURE_AUTORELEASING = YES;
				CLANG_WARN_BOOL_CONVERSION = YES;
				CLANG_WARN_COMMA = YES;
				CLANG_WARN_CONSTANT_CONVERSION = YES;
				CLANG_WARN_DEPRECATED_OBJC_IMPLEMENTATIONS = YES;
				CLANG_WARN_DIRECT_OBJC_ISA_USAGE = YES_ERROR;
				CLANG_WARN_DOCUMENTATION_COMMENTS = YES;
				CLANG_WARN_EMPTY_BODY = YES;
				CLANG_WARN_ENUM_CONVERSION = YES;
				CLANG_WARN_INFINITE_RECURSION = YES;
				CLANG_WARN_INT_CONVERSION = YES;
				CLANG_WARN_NON_LITERAL_NULL_CONVERSION = YES;
				CLANG_WARN_OBJC_IMPLICIT_RETAIN_SELF = YES;
				CLANG_WARN_OBJC_LITERAL_CONVERSION = YES;
				CLANG_WARN_OBJC_ROOT_CLASS = YES_ERROR;
				CLANG_WARN_QUOTED_INCLUDE_IN_FRAMEWORK_HEADER = YES;
				CLANG_WARN_RANGE_LOOP_ANALYSIS = YES;
				CLANG_WARN_STRICT_PROTOTYPES = YES;
				CLANG_WARN_SUSPICIOUS_MOVE = YES;
				CLANG_WARN_UNGUARDED_AVAILABILITY = YES_AGGRESSIVE;
				CLANG_WARN_UNREACHABLE_CODE = YES;
				CLANG_WARN__DUPLICATE_METHOD_MATCH = YES;
				COPY_PHASE_STRIP = NO;
				DEBUG_INFORMATION_FORMAT = "dwarf-with-dsym";
				ENABLE_NS_ASSERTIONS = NO;
				ENABLE_STRICT_OBJC_MSGSEND = YES;
				GCC_C_LANGUAGE_STANDARD = gnu11;
				GCC_NO_COMMON_BLOCKS = YES;
				GCC_WARN_64_TO_32_BIT_CONVERSION = YES;
				GCC_WARN_ABOUT_RETURN_TYPE = YES_ERROR;
				GCC_WARN_UNDECLARED_SELECTOR = YES;
				GCC_WARN_UNINITIALIZED_AUTOS = YES_AGGRESSIVE;
				GCC_WARN_UNUSED_FUNCTION = YES;
				GCC_WARN_UNUSED_VARIABLE = YES;
				IPHONEOS_DEPLOYMENT_TARGET = 15.2;
				MTL_ENABLE_DEBUG_INFO = NO;
				MTL_FAST_MATH = YES;
				SDKROOT = iphoneos;
				SWIFT_COMPILATION_MODE = wholemodule;
				SWIFT_OPTIMIZATION_LEVEL = "-O";
				VALIDATE_PRODUCT = YES;
			};
			name = Release;
		};
		9B155D9D28BF8AA700E89AD6 /* Debug */ = {
			isa = XCBuildConfiguration;
			buildSettings = {
				ASSETCATALOG_COMPILER_APPICON_NAME = AppIcon;
				ASSETCATALOG_COMPILER_GLOBAL_ACCENT_COLOR_NAME = AccentColor;
				CODE_SIGN_STYLE = Automatic;
				CURRENT_PROJECT_VERSION = 1;
				DEVELOPMENT_ASSET_PATHS = "\"DemoBackwardsClock/Preview Content\"";
				DEVELOPMENT_TEAM = PJPD95M4QP;
				ENABLE_PREVIEWS = YES;
				GENERATE_INFOPLIST_FILE = YES;
				INFOPLIST_KEY_UIApplicationSceneManifest_Generation = YES;
				INFOPLIST_KEY_UIApplicationSupportsIndirectInputEvents = YES;
				INFOPLIST_KEY_UILaunchScreen_Generation = YES;
				INFOPLIST_KEY_UISupportedInterfaceOrientations_iPad = "UIInterfaceOrientationPortrait UIInterfaceOrientationPortraitUpsideDown UIInterfaceOrientationLandscapeLeft UIInterfaceOrientationLandscapeRight";
				INFOPLIST_KEY_UISupportedInterfaceOrientations_iPhone = "UIInterfaceOrientationPortrait UIInterfaceOrientationLandscapeLeft UIInterfaceOrientationLandscapeRight";
				LD_RUNPATH_SEARCH_PATHS = (
					"$(inherited)",
					"@executable_path/Frameworks",
				);
				MARKETING_VERSION = 1.0;
				PRODUCT_BUNDLE_IDENTIFIER = io.marvinLin.DemoBackwardsClock;
				PRODUCT_NAME = "$(TARGET_NAME)";
				SWIFT_EMIT_LOC_STRINGS = YES;
				SWIFT_VERSION = 5.0;
				TARGETED_DEVICE_FAMILY = "1,2";
			};
			name = Debug;
		};
		9B155D9E28BF8AA700E89AD6 /* Release */ = {
			isa = XCBuildConfiguration;
			buildSettings = {
				ASSETCATALOG_COMPILER_APPICON_NAME = AppIcon;
				ASSETCATALOG_COMPILER_GLOBAL_ACCENT_COLOR_NAME = AccentColor;
				CODE_SIGN_STYLE = Automatic;
				CURRENT_PROJECT_VERSION = 1;
				DEVELOPMENT_ASSET_PATHS = "\"DemoBackwardsClock/Preview Content\"";
				DEVELOPMENT_TEAM = PJPD95M4QP;
				ENABLE_PREVIEWS = YES;
				GENERATE_INFOPLIST_FILE = YES;
				INFOPLIST_KEY_UIApplicationSceneManifest_Generation = YES;
				INFOPLIST_KEY_UIApplicationSupportsIndirectInputEvents = YES;
				INFOPLIST_KEY_UILaunchScreen_Generation = YES;
				INFOPLIST_KEY_UISupportedInterfaceOrientations_iPad = "UIInterfaceOrientationPortrait UIInterfaceOrientationPortraitUpsideDown UIInterfaceOrientationLandscapeLeft UIInterfaceOrientationLandscapeRight";
				INFOPLIST_KEY_UISupportedInterfaceOrientations_iPhone = "UIInterfaceOrientationPortrait UIInterfaceOrientationLandscapeLeft UIInterfaceOrientationLandscapeRight";
				LD_RUNPATH_SEARCH_PATHS = (
					"$(inherited)",
					"@executable_path/Frameworks",
				);
				MARKETING_VERSION = 1.0;
				PRODUCT_BUNDLE_IDENTIFIER = io.marvinLin.DemoBackwardsClock;
				PRODUCT_NAME = "$(TARGET_NAME)";
				SWIFT_EMIT_LOC_STRINGS = YES;
				SWIFT_VERSION = 5.0;
				TARGETED_DEVICE_FAMILY = "1,2";
			};
			name = Release;
		};
		9BBF911328C5F7BA00EB61DC /* Debug */ = {
			isa = XCBuildConfiguration;
			buildSettings = {
				BUNDLE_LOADER = "$(TEST_HOST)";
				CODE_SIGN_STYLE = Automatic;
				CURRENT_PROJECT_VERSION = 1;
				DEVELOPMENT_TEAM = PJPD95M4QP;
				GENERATE_INFOPLIST_FILE = YES;
				MARKETING_VERSION = 1.0;
				PRODUCT_BUNDLE_IDENTIFIER = io.marvinLin.DemoBackwardsClockTests;
				PRODUCT_NAME = "$(TARGET_NAME)";
				SWIFT_EMIT_LOC_STRINGS = NO;
				SWIFT_VERSION = 5.0;
				TARGETED_DEVICE_FAMILY = "1,2";
				TEST_HOST = "$(BUILT_PRODUCTS_DIR)/DemoBackwardsClock.app/DemoBackwardsClock";
			};
			name = Debug;
		};
		9BBF911428C5F7BA00EB61DC /* Release */ = {
			isa = XCBuildConfiguration;
			buildSettings = {
				BUNDLE_LOADER = "$(TEST_HOST)";
				CODE_SIGN_STYLE = Automatic;
				CURRENT_PROJECT_VERSION = 1;
				DEVELOPMENT_TEAM = PJPD95M4QP;
				GENERATE_INFOPLIST_FILE = YES;
				MARKETING_VERSION = 1.0;
				PRODUCT_BUNDLE_IDENTIFIER = io.marvinLin.DemoBackwardsClockTests;
				PRODUCT_NAME = "$(TARGET_NAME)";
				SWIFT_EMIT_LOC_STRINGS = NO;
				SWIFT_VERSION = 5.0;
				TARGETED_DEVICE_FAMILY = "1,2";
				TEST_HOST = "$(BUILT_PRODUCTS_DIR)/DemoBackwardsClock.app/DemoBackwardsClock";
			};
			name = Release;
		};
/* End XCBuildConfiguration section */

/* Begin XCConfigurationList section */
		9B155D8928BF8AA400E89AD6 /* Build configuration list for PBXProject "DemoBackwardsClock" */ = {
			isa = XCConfigurationList;
			buildConfigurations = (
				9B155D9A28BF8AA700E89AD6 /* Debug */,
				9B155D9B28BF8AA700E89AD6 /* Release */,
			);
			defaultConfigurationIsVisible = 0;
			defaultConfigurationName = Release;
		};
		9B155D9C28BF8AA700E89AD6 /* Build configuration list for PBXNativeTarget "DemoBackwardsClock" */ = {
			isa = XCConfigurationList;
			buildConfigurations = (
				9B155D9D28BF8AA700E89AD6 /* Debug */,
				9B155D9E28BF8AA700E89AD6 /* Release */,
			);
			defaultConfigurationIsVisible = 0;
			defaultConfigurationName = Release;
		};
		9BBF911528C5F7BA00EB61DC /* Build configuration list for PBXNativeTarget "DemoBackwardsClockTests" */ = {
			isa = XCConfigurationList;
			buildConfigurations = (
				9BBF911328C5F7BA00EB61DC /* Debug */,
				9BBF911428C5F7BA00EB61DC /* Release */,
			);
			defaultConfigurationIsVisible = 0;
			defaultConfigurationName = Release;
		};
/* End XCConfigurationList section */
	};
	rootObject = 9B155D8628BF8AA400E89AD6 /* Project object */;
}
